
Microsoft Visual Studio Solution File, Format Version 12.00
# Visual Studio Version 17
VisualStudioVersion = 17.14.36401.2
MinimumVisualStudioVersion = 10.0.40219.1
Project("{FAE04EC0-301F-11D3-BF4B-00C04F79EFBC}") = "Library81", "Library81\Library81.csproj", "{2BE28916-F8B7-4649-B018-C6E35E3A53CA}"
	ProjectSection(ProjectDependencies) = postProject
		{4D0B5737-B082-4635-BC83-2EC120B924C3} = {4D0B5737-B082-4635-BC83-2EC120B924C3}
	EndProjectSection
EndProject
Project("{FAE04EC0-301F-11D3-BF4B-00C04F79EFBC}") = "Library81.Client", "Library81.Client\Library81.Client.csproj", "{B010DAB1-D86A-43F6-904E-7AB2F6550280}"
	ProjectSection(ProjectDependencies) = postProject
		{4D0B5737-B082-4635-BC83-2EC120B924C3} = {4D0B5737-B082-4635-BC83-2EC120B924C3}
	EndProjectSection
EndProject
Project("{FAE04EC0-301F-11D3-BF4B-00C04F79EFBC}") = "Library81.Shared", "Library81.Shared\Library81.Shared.csproj", "{4D0B5737-B082-4635-BC83-2EC120B924C3}"
EndProject
Global
	GlobalSection(SolutionConfigurationPlatforms) = preSolution
		Debug|Any CPU = Debug|Any CPU
		Release|Any CPU = Release|Any CPU
	EndGlobalSection
	GlobalSection(ProjectConfigurationPlatforms) = postSolution
		{2BE28916-F8B7-4649-B018-C6E35E3A53CA}.Debug|Any CPU.ActiveCfg = Debug|Any CPU
		{2BE28916-F8B7-4649-B018-C6E35E3A53CA}.Debug|Any CPU.Build.0 = Debug|Any CPU
		{2BE28916-F8B7-4649-B018-C6E35E3A53CA}.Release|Any CPU.ActiveCfg = Release|Any CPU
		{2BE28916-F8B7-4649-B018-C6E35E3A53CA}.Release|Any CPU.Build.0 = Release|Any CPU
		{B010DAB1-D86A-43F6-904E-7AB2F6550280}.Debug|Any CPU.ActiveCfg = Debug|Any CPU
		{B010DAB1-D86A-43F6-904E-7AB2F6550280}.Debug|Any CPU.Build.0 = Debug|Any CPU
		{B010DAB1-D86A-43F6-904E-7AB2F6550280}.Release|Any CPU.ActiveCfg = Release|Any CPU
		{B010DAB1-D86A-43F6-904E-7AB2F6550280}.Release|Any CPU.Build.0 = Release|Any CPU
		{4D0B5737-B082-4635-BC83-2EC120B924C3}.Debug|Any CPU.ActiveCfg = Debug|Any CPU
		{4D0B5737-B082-4635-BC83-2EC120B924C3}.Debug|Any CPU.Build.0 = Debug|Any CPU
		{4D0B5737-B082-4635-BC83-2EC120B924C3}.Release|Any CPU.ActiveCfg = Release|Any CPU
		{4D0B5737-B082-4635-BC83-2EC120B924C3}.Release|Any CPU.Build.0 = Release|Any CPU
	EndGlobalSection
	GlobalSection(SolutionProperties) = preSolution
		HideSolutionNode = FALSE
	EndGlobalSection
	GlobalSection(ExtensibilityGlobals) = postSolution
		SolutionGuid = {B54568E0-A497-44F0-9E89-33EA4C96E645}
	EndGlobalSection
EndGlobal
